
Microsoft Visual Studio Solution File, Format Version 12.00
# Visual Studio Version 18
VisualStudioVersion = 18.3.11310.294
MinimumVisualStudioVersion = 10.0.40219.1
Project("{FAE04EC0-301F-11D3-BF4B-00C04F79EFBC}") = "RoyalCode.SmartValidations", "RoyalCode.SmartValidations\RoyalCode.SmartValidations.csproj", "{70F02EEE-23ED-447F-9543-F2A31D8149DC}"
EndProject
Project("{FAE04EC0-301F-11D3-BF4B-00C04F79EFBC}") = "RoyalCode.SmartValidations.Tests", "RoyalCode.SmartValidations.Tests\RoyalCode.SmartValidations.Tests.csproj", "{69DA3619-4DCA-4661-86DC-2C8CE5CD7AB4}"
EndProject
Project("{2150E333-8FDC-42A3-9474-1A3956D46DE8}") = ".items", ".items", "{132AE6EC-FBAA-4D33-9723-E129C9CF0C4B}"
	ProjectSection(SolutionItems) = preProject
		Directory.Build.props = Directory.Build.props
		libs.targets = libs.targets
		README.md = README.md
		.github\workflows\smart-validations.yml = .github\workflows\smart-validations.yml
	EndProjectSection
EndProject
Global
	GlobalSection(SolutionConfigurationPlatforms) = preSolution
		Debug|Any CPU = Debug|Any CPU
		Release|Any CPU = Release|Any CPU
	EndGlobalSection
	GlobalSection(ProjectConfigurationPlatforms) = postSolution
		{70F02EEE-23ED-447F-9543-F2A31D8149DC}.Debug|Any CPU.ActiveCfg = Debug|Any CPU
		{70F02EEE-23ED-447F-9543-F2A31D8149DC}.Debug|Any CPU.Build.0 = Debug|Any CPU
		{70F02EEE-23ED-447F-9543-F2A31D8149DC}.Release|Any CPU.ActiveCfg = Release|Any CPU
		{70F02EEE-23ED-447F-9543-F2A31D8149DC}.Release|Any CPU.Build.0 = Release|Any CPU
		{69DA3619-4DCA-4661-86DC-2C8CE5CD7AB4}.Debug|Any CPU.ActiveCfg = Debug|Any CPU
		{69DA3619-4DCA-4661-86DC-2C8CE5CD7AB4}.Debug|Any CPU.Build.0 = Debug|Any CPU
		{69DA3619-4DCA-4661-86DC-2C8CE5CD7AB4}.Release|Any CPU.ActiveCfg = Release|Any CPU
		{69DA3619-4DCA-4661-86DC-2C8CE5CD7AB4}.Release|Any CPU.Build.0 = Release|Any CPU
	EndGlobalSection
	GlobalSection(SolutionProperties) = preSolution
		HideSolutionNode = FALSE
	EndGlobalSection
EndGlobal
